
Microsoft Visual Studio Solution File, Format Version 12.00
# Visual Studio Version 17
VisualStudioVersion = 17.14.36310.24 d17.14
MinimumVisualStudioVersion = 10.0.40219.1
Project("{FAE04EC0-301F-11D3-BF4B-00C04F79EFBC}") = "ApiCrud", "ApiCrud.csproj", "{5C6A6F10-F057-4AC8-817D-772C8CC4AA79}"
EndProject
Global
	GlobalSection(SolutionConfigurationPlatforms) = preSolution
		Debug|Any CPU = Debug|Any CPU
		Release|Any CPU = Release|Any CPU
	EndGlobalSection
	GlobalSection(ProjectConfigurationPlatforms) = postSolution
		{5C6A6F10-F057-4AC8-817D-772C8CC4AA79}.Debug|Any CPU.ActiveCfg = Debug|Any CPU
		{5C6A6F10-F057-4AC8-817D-772C8CC4AA79}.Debug|Any CPU.Build.0 = Debug|Any CPU
		{5C6A6F10-F057-4AC8-817D-772C8CC4AA79}.Release|Any CPU.ActiveCfg = Release|Any CPU
		{5C6A6F10-F057-4AC8-817D-772C8CC4AA79}.Release|Any CPU.Build.0 = Release|Any CPU
	EndGlobalSection
	GlobalSection(SolutionProperties) = preSolution
		HideSolutionNode = FALSE
	EndGlobalSection
	GlobalSection(ExtensibilityGlobals) = postSolution
		SolutionGuid = {D7B9A821-966C-47EB-A0D4-F37379231CE3}
	EndGlobalSection
EndGlobal
